
Microsoft Visual Studio Solution File, Format Version 12.00
# Visual Studio Version 17
VisualStudioVersion = 17.10.35027.167
MinimumVisualStudioVersion = 10.0.40219.1
Project("{FAE04EC0-301F-11D3-BF4B-00C04F79EFBC}") = "ElecShop", "ElecShop\ElecShop.csproj", "{DE9F78D7-71D0-4224-9B07-012EF8D52828}"
EndProject
Global
	GlobalSection(SolutionConfigurationPlatforms) = preSolution
		Debug|Any CPU = Debug|Any CPU
		Release|Any CPU = Release|Any CPU
	EndGlobalSection
	GlobalSection(ProjectConfigurationPlatforms) = postSolution
		{DE9F78D7-71D0-4224-9B07-012EF8D52828}.Debug|Any CPU.ActiveCfg = Debug|Any CPU
		{DE9F78D7-71D0-4224-9B07-012EF8D52828}.Debug|Any CPU.Build.0 = Debug|Any CPU
		{DE9F78D7-71D0-4224-9B07-012EF8D52828}.Release|Any CPU.ActiveCfg = Release|Any CPU
		{DE9F78D7-71D0-4224-9B07-012EF8D52828}.Release|Any CPU.Build.0 = Release|Any CPU
	EndGlobalSection
	GlobalSection(SolutionProperties) = preSolution
		HideSolutionNode = FALSE
	EndGlobalSection
	GlobalSection(ExtensibilityGlobals) = postSolution
		SolutionGuid = {69F8FED2-5A3E-49FC-8D89-BC61CCC5874C}
	EndGlobalSection
EndGlobal
